
Microsoft Visual Studio Solution File, Format Version 12.00
# Visual Studio Version 17
VisualStudioVersion = 17.14.36811.4 d17.14
MinimumVisualStudioVersion = 10.0.40219.1
Project("{FAE04EC0-301F-11D3-BF4B-00C04F79EFBC}") = "GameCommon", "GameCommon\GameCommon.csproj", "{8C55AC11-2068-46DA-82FE-83CFF356BC8B}"
EndProject
Project("{FAE04EC0-301F-11D3-BF4B-00C04F79EFBC}") = "GameClient", "GameClient\GameClient.csproj", "{0B43AF47-0BAA-474D-90C6-81663A9932C1}"
EndProject
Project("{FAE04EC0-301F-11D3-BF4B-00C04F79EFBC}") = "GameServer", "GameServer\GameServer.csproj", "{31594548-4085-4DD0-8422-18C75D319C31}"
EndProject
Global
	GlobalSection(SolutionConfigurationPlatforms) = preSolution
		Debug|Any CPU = Debug|Any CPU
		Release|Any CPU = Release|Any CPU
	EndGlobalSection
	GlobalSection(ProjectConfigurationPlatforms) = postSolution
		{8C55AC11-2068-46DA-82FE-83CFF356BC8B}.Debug|Any CPU.ActiveCfg = Debug|Any CPU
		{8C55AC11-2068-46DA-82FE-83CFF356BC8B}.Debug|Any CPU.Build.0 = Debug|Any CPU
		{8C55AC11-2068-46DA-82FE-83CFF356BC8B}.Release|Any CPU.ActiveCfg = Release|Any CPU
		{8C55AC11-2068-46DA-82FE-83CFF356BC8B}.Release|Any CPU.Build.0 = Release|Any CPU
		{0B43AF47-0BAA-474D-90C6-81663A9932C1}.Debug|Any CPU.ActiveCfg = Debug|Any CPU
		{0B43AF47-0BAA-474D-90C6-81663A9932C1}.Debug|Any CPU.Build.0 = Debug|Any CPU
		{0B43AF47-0BAA-474D-90C6-81663A9932C1}.Release|Any CPU.ActiveCfg = Release|Any CPU
		{0B43AF47-0BAA-474D-90C6-81663A9932C1}.Release|Any CPU.Build.0 = Release|Any CPU
		{31594548-4085-4DD0-8422-18C75D319C31}.Debug|Any CPU.ActiveCfg = Debug|Any CPU
		{31594548-4085-4DD0-8422-18C75D319C31}.Debug|Any CPU.Build.0 = Debug|Any CPU
		{31594548-4085-4DD0-8422-18C75D319C31}.Release|Any CPU.ActiveCfg = Release|Any CPU
		{31594548-4085-4DD0-8422-18C75D319C31}.Release|Any CPU.Build.0 = Release|Any CPU
	EndGlobalSection
	GlobalSection(SolutionProperties) = preSolution
		HideSolutionNode = FALSE
	EndGlobalSection
	GlobalSection(ExtensibilityGlobals) = postSolution
		SolutionGuid = {367FC081-4BFE-49B4-9BFE-46AEDF682457}
	EndGlobalSection
EndGlobal
